
Microsoft Visual Studio Solution File, Format Version 12.00
# Visual Studio Version 17
VisualStudioVersion = 17.8.34330.188
MinimumVisualStudioVersion = 10.0.40219.1
Project("{FAE04EC0-301F-11D3-BF4B-00C04F79EFBC}") = "BookingSystem", "BookingSystem\BookingSystem.csproj", "{8092EC17-5317-4DB3-AD1D-730A8142B36E}"
EndProject
Global
	GlobalSection(SolutionConfigurationPlatforms) = preSolution
		Debug|Any CPU = Debug|Any CPU
		Release|Any CPU = Release|Any CPU
	EndGlobalSection
	GlobalSection(ProjectConfigurationPlatforms) = postSolution
		{8092EC17-5317-4DB3-AD1D-730A8142B36E}.Debug|Any CPU.ActiveCfg = Debug|Any CPU
		{8092EC17-5317-4DB3-AD1D-730A8142B36E}.Debug|Any CPU.Build.0 = Debug|Any CPU
		{8092EC17-5317-4DB3-AD1D-730A8142B36E}.Release|Any CPU.ActiveCfg = Release|Any CPU
		{8092EC17-5317-4DB3-AD1D-730A8142B36E}.Release|Any CPU.Build.0 = Release|Any CPU
	EndGlobalSection
	GlobalSection(SolutionProperties) = preSolution
		HideSolutionNode = FALSE
	EndGlobalSection
	GlobalSection(ExtensibilityGlobals) = postSolution
		SolutionGuid = {B822142A-1853-4005-A868-78F489568661}
	EndGlobalSection
EndGlobal
